
Microsoft Visual Studio Solution File, Format Version 12.00
# Visual Studio Version 17
VisualStudioVersion = 17.5.33424.131
MinimumVisualStudioVersion = 10.0.40219.1
Project("{FAE04EC0-301F-11D3-BF4B-00C04F79EFBC}") = "Beauty_Salon", "Beauty_Salon\Beauty_Salon.csproj", "{79543C8B-E1BD-4E3E-97FB-347646CB11E4}"
EndProject
Global
	GlobalSection(SolutionConfigurationPlatforms) = preSolution
		Debug|Any CPU = Debug|Any CPU
		Release|Any CPU = Release|Any CPU
	EndGlobalSection
	GlobalSection(ProjectConfigurationPlatforms) = postSolution
		{79543C8B-E1BD-4E3E-97FB-347646CB11E4}.Debug|Any CPU.ActiveCfg = Debug|Any CPU
		{79543C8B-E1BD-4E3E-97FB-347646CB11E4}.Debug|Any CPU.Build.0 = Debug|Any CPU
		{79543C8B-E1BD-4E3E-97FB-347646CB11E4}.Release|Any CPU.ActiveCfg = Release|Any CPU
		{79543C8B-E1BD-4E3E-97FB-347646CB11E4}.Release|Any CPU.Build.0 = Release|Any CPU
	EndGlobalSection
	GlobalSection(SolutionProperties) = preSolution
		HideSolutionNode = FALSE
	EndGlobalSection
	GlobalSection(ExtensibilityGlobals) = postSolution
		SolutionGuid = {6105E9C9-C228-4011-9A37-75D281B28B24}
	EndGlobalSection
EndGlobal
